
Microsoft Visual Studio Solution File, Format Version 10.00
# Visual Studio 2008
Project("{8BC9CEB8-8B4A-11D0-8D11-00A0C91BC942}") = "CounterView", "CounterView\CounterView.vcproj", "{200B6D29-2266-45AF-93AF-8AD58AB37433}"
EndProject
Global
	GlobalSection(SolutionConfigurationPlatforms) = preSolution
		Debug|ce50_2440a_test (ARMV4I) = Debug|ce50_2440a_test (ARMV4I)
		Debug|Windows Mobile 5.0 Pocket PC SDK (ARMV4I) = Debug|Windows Mobile 5.0 Pocket PC SDK (ARMV4I)
		Release|ce50_2440a_test (ARMV4I) = Release|ce50_2440a_test (ARMV4I)
		Release|Windows Mobile 5.0 Pocket PC SDK (ARMV4I) = Release|Windows Mobile 5.0 Pocket PC SDK (ARMV4I)
	EndGlobalSection
	GlobalSection(ProjectConfigurationPlatforms) = postSolution
		{200B6D29-2266-45AF-93AF-8AD58AB37433}.Debug|ce50_2440a_test (ARMV4I).ActiveCfg = Debug|ce50_2440a_test (ARMV4I)
		{200B6D29-2266-45AF-93AF-8AD58AB37433}.Debug|ce50_2440a_test (ARMV4I).Build.0 = Debug|ce50_2440a_test (ARMV4I)
		{200B6D29-2266-45AF-93AF-8AD58AB37433}.Debug|ce50_2440a_test (ARMV4I).Deploy.0 = Debug|ce50_2440a_test (ARMV4I)
		{200B6D29-2266-45AF-93AF-8AD58AB37433}.Debug|Windows Mobile 5.0 Pocket PC SDK (ARMV4I).ActiveCfg = Debug|Windows Mobile 5.0 Pocket PC SDK (ARMV4I)
		{200B6D29-2266-45AF-93AF-8AD58AB37433}.Debug|Windows Mobile 5.0 Pocket PC SDK (ARMV4I).Build.0 = Debug|Windows Mobile 5.0 Pocket PC SDK (ARMV4I)
		{200B6D29-2266-45AF-93AF-8AD58AB37433}.Debug|Windows Mobile 5.0 Pocket PC SDK (ARMV4I).Deploy.0 = Debug|Windows Mobile 5.0 Pocket PC SDK (ARMV4I)
		{200B6D29-2266-45AF-93AF-8AD58AB37433}.Release|ce50_2440a_test (ARMV4I).ActiveCfg = Release|ce50_2440a_test (ARMV4I)
		{200B6D29-2266-45AF-93AF-8AD58AB37433}.Release|ce50_2440a_test (ARMV4I).Build.0 = Release|ce50_2440a_test (ARMV4I)
		{200B6D29-2266-45AF-93AF-8AD58AB37433}.Release|ce50_2440a_test (ARMV4I).Deploy.0 = Release|ce50_2440a_test (ARMV4I)
		{200B6D29-2266-45AF-93AF-8AD58AB37433}.Release|Windows Mobile 5.0 Pocket PC SDK (ARMV4I).ActiveCfg = Release|Windows Mobile 5.0 Pocket PC SDK (ARMV4I)
		{200B6D29-2266-45AF-93AF-8AD58AB37433}.Release|Windows Mobile 5.0 Pocket PC SDK (ARMV4I).Build.0 = Release|Windows Mobile 5.0 Pocket PC SDK (ARMV4I)
		{200B6D29-2266-45AF-93AF-8AD58AB37433}.Release|Windows Mobile 5.0 Pocket PC SDK (ARMV4I).Deploy.0 = Release|Windows Mobile 5.0 Pocket PC SDK (ARMV4I)
	EndGlobalSection
	GlobalSection(SolutionProperties) = preSolution
		HideSolutionNode = FALSE
	EndGlobalSection
EndGlobal
